# THIS IS AN AUTOGENERATED FILE. DO NOT EDIT THIS FILE DIRECTLY.
# yarn lockfile v1


frappe-charts@^1.5.0:
  version "1.5.6"
  resolved "https://registry.yarnpkg.com/frappe-charts/-/frappe-charts-1.5.6.tgz#6fab528aaba659c1c171e6ea267a791b915f0ef0"
  integrity sha512-1OWqF7ijDba+Nlei/CjXSORYlUm+/M0oeVOP3Yu7R2bLBDc5GYkFSHGVx13XavuCxDoOPEJZMRgRK6GUAuB8FQ==

plotly.js-dist@^1.54.5:
  version "1.58.4"
  resolved "https://registry.yarnpkg.com/plotly.js-dist/-/plotly.js-dist-1.58.4.tgz#d57b73d27af57a0d6cd2cf9428a001962889cf5b"
  integrity sha512-oXCTRJFN8FBsHZSQPYoM3LuJQchPUrf6sOXFC0EFdvcr5lmJmLcAsW74jDy9PkRpm3PB+A+2oY1hsUMmk2eZbw==

vue@^2.6.11:
  version "2.6.12"
  resolved "https://registry.yarnpkg.com/vue/-/vue-2.6.12.tgz#f5ebd4fa6bd2869403e29a896aed4904456c9123"
  integrity sha512-uhmLFETqPPNyuLLbsKz6ioJ4q7AZHzD8ZVFNATNyICSZouqP2Sz0rotWQC8UNBF6VGSCs5abnKJoStA6JbCbfg==
